
Microsoft Visual Studio Solution File, Format Version 12.00
# Visual Studio Version 17
VisualStudioVersion = 17.7.34024.191
MinimumVisualStudioVersion = 10.0.40219.1
Project("{8BC9CEB8-8B4A-11D0-8D11-00A0C91BC942}") = "Task1", "Task1\Task1.vcxproj", "{51AF5480-5C5F-4E67-873F-6FC7058AE6FE}"
EndProject
Global
	GlobalSection(SolutionConfigurationPlatforms) = preSolution
		Debug|x64 = Debug|x64
		Debug|x86 = Debug|x86
		Release|x64 = Release|x64
		Release|x86 = Release|x86
	EndGlobalSection
	GlobalSection(ProjectConfigurationPlatforms) = postSolution
		{51AF5480-5C5F-4E67-873F-6FC7058AE6FE}.Debug|x64.ActiveCfg = Debug|x64
		{51AF5480-5C5F-4E67-873F-6FC7058AE6FE}.Debug|x64.Build.0 = Debug|x64
		{51AF5480-5C5F-4E67-873F-6FC7058AE6FE}.Debug|x86.ActiveCfg = Debug|Win32
		{51AF5480-5C5F-4E67-873F-6FC7058AE6FE}.Debug|x86.Build.0 = Debug|Win32
		{51AF5480-5C5F-4E67-873F-6FC7058AE6FE}.Release|x64.ActiveCfg = Release|x64
		{51AF5480-5C5F-4E67-873F-6FC7058AE6FE}.Release|x64.Build.0 = Release|x64
		{51AF5480-5C5F-4E67-873F-6FC7058AE6FE}.Release|x86.ActiveCfg = Release|Win32
		{51AF5480-5C5F-4E67-873F-6FC7058AE6FE}.Release|x86.Build.0 = Release|Win32
	EndGlobalSection
	GlobalSection(SolutionProperties) = preSolution
		HideSolutionNode = FALSE
	EndGlobalSection
	GlobalSection(ExtensibilityGlobals) = postSolution
		SolutionGuid = {80FE1C93-462E-4192-A2E2-3BC51566E7F9}
	EndGlobalSection
EndGlobal
